
Microsoft Visual Studio Solution File, Format Version 12.00
# Visual Studio Version 17
VisualStudioVersion = 17.5.002.0
MinimumVisualStudioVersion = 10.0.40219.1
Project("{9A19103F-16F7-4668-BE54-9A1E7A4F7556}") = "C#", "practice\C#.csproj", "{689054F2-2DA2-47C2-95CA-8BE47EFF9652}"
EndProject
Project("{2150E333-8FDC-42A3-9474-1A3956D46DE8}") = "prepare", "prepare", "{E7A21A85-DC70-4E86-A9FE-9459FF7C2040}"
EndProject
Project("{9A19103F-16F7-4668-BE54-9A1E7A4F7556}") = "Learning02", "prepare\Learning02\Learning02.csproj", "{514E1DFE-D2E4-405D-8221-4BFD985371AC}"
EndProject
Project("{9A19103F-16F7-4668-BE54-9A1E7A4F7556}") = "Learning05", "prepare\Learning05\Learning05.csproj", "{50637E0C-B7BE-4AEC-B178-00303AB00B67}"
EndProject
Project("{9A19103F-16F7-4668-BE54-9A1E7A4F7556}") = "Learning04", "prepare\Learning04\Learning04.csproj", "{160EE824-70DA-4DEF-98A9-AB340EFF4F55}"
EndProject
Project("{9A19103F-16F7-4668-BE54-9A1E7A4F7556}") = "Learning03", "prepare\Learning03\Learning03.csproj", "{DC15ED54-C5B7-4A8D-9C24-B9C866F5656B}"
EndProject
Project("{2150E333-8FDC-42A3-9474-1A3956D46DE8}") = "prove", "prove", "{5ABE3C6E-AE39-456D-805E-5BA50BDB7ECF}"
EndProject
Project("{9A19103F-16F7-4668-BE54-9A1E7A4F7556}") = "Develop03", "prove\Develop03\Develop03.csproj", "{9B583455-18D2-4AE4-8E4C-EB03DB8DACB2}"
EndProject
Project("{9A19103F-16F7-4668-BE54-9A1E7A4F7556}") = "Develop04", "prove\Develop04\Develop04.csproj", "{89D0D281-8978-4116-B7BB-583E2A632C57}"
EndProject
Project("{9A19103F-16F7-4668-BE54-9A1E7A4F7556}") = "Develop05", "prove\Develop05\Develop05.csproj", "{E4E4B425-5978-4DBB-B0BF-1C41E838BBEB}"
EndProject
Project("{9A19103F-16F7-4668-BE54-9A1E7A4F7556}") = "Develop02", "prove\Develop02\Develop02.csproj", "{5247D09E-90FD-4A0F-95FA-EB4B237BA14D}"
EndProject
Project("{2150E333-8FDC-42A3-9474-1A3956D46DE8}") = "sandbox", "sandbox", "{4707D58E-C7CE-4786-B866-F9708B876532}"
EndProject
Project("{9A19103F-16F7-4668-BE54-9A1E7A4F7556}") = "Sandbox", "sandbox\Sandbox\Sandbox.csproj", "{FB3B2B73-DB4C-493D-9D3B-BD433D3029CA}"
EndProject
Project("{2150E333-8FDC-42A3-9474-1A3956D46DE8}") = "final", "final", "{DD4D3D4C-9DB6-4A8F-ACFC-DD2205144C8B}"
EndProject
Project("{9A19103F-16F7-4668-BE54-9A1E7A4F7556}") = "FinalProject", "final\FinalProject\FinalProject.csproj", "{B9D70945-CEE7-4BE1-9811-9AC39E23F506}"
EndProject
Project("{9A19103F-16F7-4668-BE54-9A1E7A4F7556}") = "Foundation1", "final\Foundation1\Foundation1.csproj", "{53C41D1D-25D2-4C6B-AC2E-C8FBB370B625}"
EndProject
Project("{9A19103F-16F7-4668-BE54-9A1E7A4F7556}") = "Foundation4", "final\Foundation4\Foundation4.csproj", "{007DDBAC-83B1-4545-A760-D783226461C6}"
EndProject
Project("{9A19103F-16F7-4668-BE54-9A1E7A4F7556}") = "Foundation3", "final\Foundation3\Foundation3.csproj", "{0EFC85C5-7259-4B8F-9242-783CE4E80864}"
EndProject
Project("{9A19103F-16F7-4668-BE54-9A1E7A4F7556}") = "Foundation2", "final\Foundation2\Foundation2.csproj", "{F2763778-4660-4BDB-85EC-809BD0CF26C7}"
EndProject
Project("{2150E333-8FDC-42A3-9474-1A3956D46DE8}") = "csharp-prep", "csharp-prep", "{128A7DC4-E7E6-41FD-B9E2-F8A4B58E2780}"
EndProject
Project("{9A19103F-16F7-4668-BE54-9A1E7A4F7556}") = "Prep1", "csharp-prep\Prep1\Prep1.csproj", "{7B98015A-893C-495C-90A4-8250AB640401}"
EndProject
Project("{9A19103F-16F7-4668-BE54-9A1E7A4F7556}") = "Prep5", "csharp-prep\Prep5\Prep5.csproj", "{9000AA64-C4B3-4FC8-BDE3-C75BDB5C7C63}"
EndProject
Project("{9A19103F-16F7-4668-BE54-9A1E7A4F7556}") = "Prep2", "csharp-prep\Prep2\Prep2.csproj", "{F4A62F9E-49DC-48CF-A1D6-14B29DF0A625}"
EndProject
Project("{9A19103F-16F7-4668-BE54-9A1E7A4F7556}") = "Prep3", "csharp-prep\Prep3\Prep3.csproj", "{88552691-344F-457C-A063-40F1AD24CE22}"
EndProject
Project("{9A19103F-16F7-4668-BE54-9A1E7A4F7556}") = "Prep4", "csharp-prep\Prep4\Prep4.csproj", "{8FCCA905-B42A-4DE4-9D71-6784CEA2AD31}"
EndProject
Global
	GlobalSection(SolutionConfigurationPlatforms) = preSolution
		Debug|Any CPU = Debug|Any CPU
		Release|Any CPU = Release|Any CPU
	EndGlobalSection
	GlobalSection(ProjectConfigurationPlatforms) = postSolution
		{689054F2-2DA2-47C2-95CA-8BE47EFF9652}.Debug|Any CPU.ActiveCfg = Debug|Any CPU
		{689054F2-2DA2-47C2-95CA-8BE47EFF9652}.Debug|Any CPU.Build.0 = Debug|Any CPU
		{689054F2-2DA2-47C2-95CA-8BE47EFF9652}.Release|Any CPU.ActiveCfg = Release|Any CPU
		{689054F2-2DA2-47C2-95CA-8BE47EFF9652}.Release|Any CPU.Build.0 = Release|Any CPU
		{514E1DFE-D2E4-405D-8221-4BFD985371AC}.Debug|Any CPU.ActiveCfg = Debug|Any CPU
		{514E1DFE-D2E4-405D-8221-4BFD985371AC}.Debug|Any CPU.Build.0 = Debug|Any CPU
		{514E1DFE-D2E4-405D-8221-4BFD985371AC}.Release|Any CPU.ActiveCfg = Release|Any CPU
		{514E1DFE-D2E4-405D-8221-4BFD985371AC}.Release|Any CPU.Build.0 = Release|Any CPU
		{50637E0C-B7BE-4AEC-B178-00303AB00B67}.Debug|Any CPU.ActiveCfg = Debug|Any CPU
		{50637E0C-B7BE-4AEC-B178-00303AB00B67}.Debug|Any CPU.Build.0 = Debug|Any CPU
		{50637E0C-B7BE-4AEC-B178-00303AB00B67}.Release|Any CPU.ActiveCfg = Release|Any CPU
		{50637E0C-B7BE-4AEC-B178-00303AB00B67}.Release|Any CPU.Build.0 = Release|Any CPU
		{160EE824-70DA-4DEF-98A9-AB340EFF4F55}.Debug|Any CPU.ActiveCfg = Debug|Any CPU
		{160EE824-70DA-4DEF-98A9-AB340EFF4F55}.Debug|Any CPU.Build.0 = Debug|Any CPU
		{160EE824-70DA-4DEF-98A9-AB340EFF4F55}.Release|Any CPU.ActiveCfg = Release|Any CPU
		{160EE824-70DA-4DEF-98A9-AB340EFF4F55}.Release|Any CPU.Build.0 = Release|Any CPU
		{DC15ED54-C5B7-4A8D-9C24-B9C866F5656B}.Debug|Any CPU.ActiveCfg = Debug|Any CPU
		{DC15ED54-C5B7-4A8D-9C24-B9C866F5656B}.Debug|Any CPU.Build.0 = Debug|Any CPU
		{DC15ED54-C5B7-4A8D-9C24-B9C866F5656B}.Release|Any CPU.ActiveCfg = Release|Any CPU
		{DC15ED54-C5B7-4A8D-9C24-B9C866F5656B}.Release|Any CPU.Build.0 = Release|Any CPU
		{9B583455-18D2-4AE4-8E4C-EB03DB8DACB2}.Debug|Any CPU.ActiveCfg = Debug|Any CPU
		{9B583455-18D2-4AE4-8E4C-EB03DB8DACB2}.Debug|Any CPU.Build.0 = Debug|Any CPU
		{9B583455-18D2-4AE4-8E4C-EB03DB8DACB2}.Release|Any CPU.ActiveCfg = Release|Any CPU
		{9B583455-18D2-4AE4-8E4C-EB03DB8DACB2}.Release|Any CPU.Build.0 = Release|Any CPU
		{89D0D281-8978-4116-B7BB-583E2A632C57}.Debug|Any CPU.ActiveCfg = Debug|Any CPU
		{89D0D281-8978-4116-B7BB-583E2A632C57}.Debug|Any CPU.Build.0 = Debug|Any CPU
		{89D0D281-8978-4116-B7BB-583E2A632C57}.Release|Any CPU.ActiveCfg = Release|Any CPU
		{89D0D281-8978-4116-B7BB-583E2A632C57}.Release|Any CPU.Build.0 = Release|Any CPU
		{E4E4B425-5978-4DBB-B0BF-1C41E838BBEB}.Debug|Any CPU.ActiveCfg = Debug|Any CPU
		{E4E4B425-5978-4DBB-B0BF-1C41E838BBEB}.Debug|Any CPU.Build.0 = Debug|Any CPU
		{E4E4B425-5978-4DBB-B0BF-1C41E838BBEB}.Release|Any CPU.ActiveCfg = Release|Any CPU
		{E4E4B425-5978-4DBB-B0BF-1C41E838BBEB}.Release|Any CPU.Build.0 = Release|Any CPU
		{5247D09E-90FD-4A0F-95FA-EB4B237BA14D}.Debug|Any CPU.ActiveCfg = Debug|Any CPU
		{5247D09E-90FD-4A0F-95FA-EB4B237BA14D}.Debug|Any CPU.Build.0 = Debug|Any CPU
		{5247D09E-90FD-4A0F-95FA-EB4B237BA14D}.Release|Any CPU.ActiveCfg = Release|Any CPU
		{5247D09E-90FD-4A0F-95FA-EB4B237BA14D}.Release|Any CPU.Build.0 = Release|Any CPU
		{FB3B2B73-DB4C-493D-9D3B-BD433D3029CA}.Debug|Any CPU.ActiveCfg = Debug|Any CPU
		{FB3B2B73-DB4C-493D-9D3B-BD433D3029CA}.Debug|Any CPU.Build.0 = Debug|Any CPU
		{FB3B2B73-DB4C-493D-9D3B-BD433D3029CA}.Release|Any CPU.ActiveCfg = Release|Any CPU
		{FB3B2B73-DB4C-493D-9D3B-BD433D3029CA}.Release|Any CPU.Build.0 = Release|Any CPU
		{B9D70945-CEE7-4BE1-9811-9AC39E23F506}.Debug|Any CPU.ActiveCfg = Debug|Any CPU
		{B9D70945-CEE7-4BE1-9811-9AC39E23F506}.Debug|Any CPU.Build.0 = Debug|Any CPU
		{B9D70945-CEE7-4BE1-9811-9AC39E23F506}.Release|Any CPU.ActiveCfg = Release|Any CPU
		{B9D70945-CEE7-4BE1-9811-9AC39E23F506}.Release|Any CPU.Build.0 = Release|Any CPU
		{53C41D1D-25D2-4C6B-AC2E-C8FBB370B625}.Debug|Any CPU.ActiveCfg = Debug|Any CPU
		{53C41D1D-25D2-4C6B-AC2E-C8FBB370B625}.Debug|Any CPU.Build.0 = Debug|Any CPU
		{53C41D1D-25D2-4C6B-AC2E-C8FBB370B625}.Release|Any CPU.ActiveCfg = Release|Any CPU
		{53C41D1D-25D2-4C6B-AC2E-C8FBB370B625}.Release|Any CPU.Build.0 = Release|Any CPU
		{007DDBAC-83B1-4545-A760-D783226461C6}.Debug|Any CPU.ActiveCfg = Debug|Any CPU
		{007DDBAC-83B1-4545-A760-D783226461C6}.Debug|Any CPU.Build.0 = Debug|Any CPU
		{007DDBAC-83B1-4545-A760-D783226461C6}.Release|Any CPU.ActiveCfg = Release|Any CPU
		{007DDBAC-83B1-4545-A760-D783226461C6}.Release|Any CPU.Build.0 = Release|Any CPU
		{0EFC85C5-7259-4B8F-9242-783CE4E80864}.Debug|Any CPU.ActiveCfg = Debug|Any CPU
		{0EFC85C5-7259-4B8F-9242-783CE4E80864}.Debug|Any CPU.Build.0 = Debug|Any CPU
		{0EFC85C5-7259-4B8F-9242-783CE4E80864}.Release|Any CPU.ActiveCfg = Release|Any CPU
		{0EFC85C5-7259-4B8F-9242-783CE4E80864}.Release|Any CPU.Build.0 = Release|Any CPU
		{F2763778-4660-4BDB-85EC-809BD0CF26C7}.Debug|Any CPU.ActiveCfg = Debug|Any CPU
		{F2763778-4660-4BDB-85EC-809BD0CF26C7}.Debug|Any CPU.Build.0 = Debug|Any CPU
		{F2763778-4660-4BDB-85EC-809BD0CF26C7}.Release|Any CPU.ActiveCfg = Release|Any CPU
		{F2763778-4660-4BDB-85EC-809BD0CF26C7}.Release|Any CPU.Build.0 = Release|Any CPU
		{7B98015A-893C-495C-90A4-8250AB640401}.Debug|Any CPU.ActiveCfg = Debug|Any CPU
		{7B98015A-893C-495C-90A4-8250AB640401}.Debug|Any CPU.Build.0 = Debug|Any CPU
		{7B98015A-893C-495C-90A4-8250AB640401}.Release|Any CPU.ActiveCfg = Release|Any CPU
		{7B98015A-893C-495C-90A4-8250AB640401}.Release|Any CPU.Build.0 = Release|Any CPU
		{9000AA64-C4B3-4FC8-BDE3-C75BDB5C7C63}.Debug|Any CPU.ActiveCfg = Debug|Any CPU
		{9000AA64-C4B3-4FC8-BDE3-C75BDB5C7C63}.Debug|Any CPU.Build.0 = Debug|Any CPU
		{9000AA64-C4B3-4FC8-BDE3-C75BDB5C7C63}.Release|Any CPU.ActiveCfg = Release|Any CPU
		{9000AA64-C4B3-4FC8-BDE3-C75BDB5C7C63}.Release|Any CPU.Build.0 = Release|Any CPU
		{F4A62F9E-49DC-48CF-A1D6-14B29DF0A625}.Debug|Any CPU.ActiveCfg = Debug|Any CPU
		{F4A62F9E-49DC-48CF-A1D6-14B29DF0A625}.Debug|Any CPU.Build.0 = Debug|Any CPU
		{F4A62F9E-49DC-48CF-A1D6-14B29DF0A625}.Release|Any CPU.ActiveCfg = Release|Any CPU
		{F4A62F9E-49DC-48CF-A1D6-14B29DF0A625}.Release|Any CPU.Build.0 = Release|Any CPU
		{88552691-344F-457C-A063-40F1AD24CE22}.Debug|Any CPU.ActiveCfg = Debug|Any CPU
		{88552691-344F-457C-A063-40F1AD24CE22}.Debug|Any CPU.Build.0 = Debug|Any CPU
		{88552691-344F-457C-A063-40F1AD24CE22}.Release|Any CPU.ActiveCfg = Release|Any CPU
		{88552691-344F-457C-A063-40F1AD24CE22}.Release|Any CPU.Build.0 = Release|Any CPU
		{8FCCA905-B42A-4DE4-9D71-6784CEA2AD31}.Debug|Any CPU.ActiveCfg = Debug|Any CPU
		{8FCCA905-B42A-4DE4-9D71-6784CEA2AD31}.Debug|Any CPU.Build.0 = Debug|Any CPU
		{8FCCA905-B42A-4DE4-9D71-6784CEA2AD31}.Release|Any CPU.ActiveCfg = Release|Any CPU
		{8FCCA905-B42A-4DE4-9D71-6784CEA2AD31}.Release|Any CPU.Build.0 = Release|Any CPU
	EndGlobalSection
	GlobalSection(SolutionProperties) = preSolution
		HideSolutionNode = FALSE
	EndGlobalSection
	GlobalSection(NestedProjects) = preSolution
		{514E1DFE-D2E4-405D-8221-4BFD985371AC} = {E7A21A85-DC70-4E86-A9FE-9459FF7C2040}
		{50637E0C-B7BE-4AEC-B178-00303AB00B67} = {E7A21A85-DC70-4E86-A9FE-9459FF7C2040}
		{160EE824-70DA-4DEF-98A9-AB340EFF4F55} = {E7A21A85-DC70-4E86-A9FE-9459FF7C2040}
		{DC15ED54-C5B7-4A8D-9C24-B9C866F5656B} = {E7A21A85-DC70-4E86-A9FE-9459FF7C2040}
		{9B583455-18D2-4AE4-8E4C-EB03DB8DACB2} = {5ABE3C6E-AE39-456D-805E-5BA50BDB7ECF}
		{89D0D281-8978-4116-B7BB-583E2A632C57} = {5ABE3C6E-AE39-456D-805E-5BA50BDB7ECF}
		{E4E4B425-5978-4DBB-B0BF-1C41E838BBEB} = {5ABE3C6E-AE39-456D-805E-5BA50BDB7ECF}
		{5247D09E-90FD-4A0F-95FA-EB4B237BA14D} = {5ABE3C6E-AE39-456D-805E-5BA50BDB7ECF}
		{FB3B2B73-DB4C-493D-9D3B-BD433D3029CA} = {4707D58E-C7CE-4786-B866-F9708B876532}
		{B9D70945-CEE7-4BE1-9811-9AC39E23F506} = {DD4D3D4C-9DB6-4A8F-ACFC-DD2205144C8B}
		{53C41D1D-25D2-4C6B-AC2E-C8FBB370B625} = {DD4D3D4C-9DB6-4A8F-ACFC-DD2205144C8B}
		{007DDBAC-83B1-4545-A760-D783226461C6} = {DD4D3D4C-9DB6-4A8F-ACFC-DD2205144C8B}
		{0EFC85C5-7259-4B8F-9242-783CE4E80864} = {DD4D3D4C-9DB6-4A8F-ACFC-DD2205144C8B}
		{F2763778-4660-4BDB-85EC-809BD0CF26C7} = {DD4D3D4C-9DB6-4A8F-ACFC-DD2205144C8B}
		{7B98015A-893C-495C-90A4-8250AB640401} = {128A7DC4-E7E6-41FD-B9E2-F8A4B58E2780}
		{9000AA64-C4B3-4FC8-BDE3-C75BDB5C7C63} = {128A7DC4-E7E6-41FD-B9E2-F8A4B58E2780}
		{F4A62F9E-49DC-48CF-A1D6-14B29DF0A625} = {128A7DC4-E7E6-41FD-B9E2-F8A4B58E2780}
		{88552691-344F-457C-A063-40F1AD24CE22} = {128A7DC4-E7E6-41FD-B9E2-F8A4B58E2780}
		{8FCCA905-B42A-4DE4-9D71-6784CEA2AD31} = {128A7DC4-E7E6-41FD-B9E2-F8A4B58E2780}
	EndGlobalSection
	GlobalSection(ExtensibilityGlobals) = postSolution
		SolutionGuid = {3D5B18DC-9CB8-4DB1-9B7C-178390D5CF68}
	EndGlobalSection
EndGlobal
